
Microsoft Visual Studio Solution File, Format Version 11.00
# Visual Studio 2010
Project("{FAE04EC0-301F-11D3-BF4B-00C04F79EFBC}") = "Assembly-CSharp", "Assembly-CSharp.csproj", "{46154247-992d-78cc-e61d-95a94ea96338}"
EndProject
Project("{FAE04EC0-301F-11D3-BF4B-00C04F79EFBC}") = "Assembly-CSharp-Editor", "Assembly-CSharp-Editor.csproj", "{27827623-c2b6-cab7-11ba-c11483340281}"
EndProject
Global
	GlobalSection(SolutionConfigurationPlatforms) = preSolution
		Debug|Any CPU = Debug|Any CPU
	EndGlobalSection
	GlobalSection(ProjectConfigurationPlatforms) = postSolution
		{46154247-992d-78cc-e61d-95a94ea96338}.Debug|Any CPU.ActiveCfg = Debug|Any CPU
		{46154247-992d-78cc-e61d-95a94ea96338}.Debug|Any CPU.Build.0 = Debug|Any CPU
		{27827623-c2b6-cab7-11ba-c11483340281}.Debug|Any CPU.ActiveCfg = Debug|Any CPU
		{27827623-c2b6-cab7-11ba-c11483340281}.Debug|Any CPU.Build.0 = Debug|Any CPU
	EndGlobalSection
	GlobalSection(SolutionProperties) = preSolution
		HideSolutionNode = FALSE
	EndGlobalSection
EndGlobal
